
Microsoft Visual Studio Solution File, Format Version 12.00
# Visual Studio 15
VisualStudioVersion = 15.0.28307.421
MinimumVisualStudioVersion = 10.0.40219.1
Project("{FAE04EC0-301F-11D3-BF4B-00C04F79EFBC}") = "suma de numeros", "suma de numeros\suma de numeros.csproj", "{B7AC6297-2E84-4CA6-884C-F4C245E0D85B}"
EndProject
Global
	GlobalSection(SolutionConfigurationPlatforms) = preSolution
		Debug|Any CPU = Debug|Any CPU
		Release|Any CPU = Release|Any CPU
	EndGlobalSection
	GlobalSection(ProjectConfigurationPlatforms) = postSolution
		{B7AC6297-2E84-4CA6-884C-F4C245E0D85B}.Debug|Any CPU.ActiveCfg = Debug|Any CPU
		{B7AC6297-2E84-4CA6-884C-F4C245E0D85B}.Debug|Any CPU.Build.0 = Debug|Any CPU
		{B7AC6297-2E84-4CA6-884C-F4C245E0D85B}.Release|Any CPU.ActiveCfg = Release|Any CPU
		{B7AC6297-2E84-4CA6-884C-F4C245E0D85B}.Release|Any CPU.Build.0 = Release|Any CPU
	EndGlobalSection
	GlobalSection(SolutionProperties) = preSolution
		HideSolutionNode = FALSE
	EndGlobalSection
	GlobalSection(ExtensibilityGlobals) = postSolution
		SolutionGuid = {D4BC33C4-DAD4-49D7-B7A4-C432E4EB9112}
	EndGlobalSection
EndGlobal
